
Microsoft Visual Studio Solution File, Format Version 12.00
# Visual Studio Version 16
VisualStudioVersion = 25.0.1706.8
MinimumVisualStudioVersion = 10.0.40219.1
Project("{FAE04EC0-301F-11D3-BF4B-00C04F79EFBC}") = "3_1_interfejsy", "3_1_interfejsy\3_1_interfejsy.csproj", "{C4ECF08A-A247-4916-B542-26A5EFCEA645}"
EndProject
Project("{2150E333-8FDC-42A3-9474-1A3956D46DE8}") = "Elementy rozwiązania", "Elementy rozwiązania", "{3FD4C196-A14A-4EE0-81AE-0443BDF751CB}"
	ProjectSection(SolutionItems) = preProject
		.editorconfig = .editorconfig
	EndProjectSection
EndProject
Global
	GlobalSection(SolutionConfigurationPlatforms) = preSolution
		Debug|Any CPU = Debug|Any CPU
		Release|Any CPU = Release|Any CPU
	EndGlobalSection
	GlobalSection(ProjectConfigurationPlatforms) = postSolution
		{C4ECF08A-A247-4916-B542-26A5EFCEA645}.Debug|Any CPU.ActiveCfg = Debug|Any CPU
		{C4ECF08A-A247-4916-B542-26A5EFCEA645}.Debug|Any CPU.Build.0 = Debug|Any CPU
		{C4ECF08A-A247-4916-B542-26A5EFCEA645}.Release|Any CPU.ActiveCfg = Release|Any CPU
		{C4ECF08A-A247-4916-B542-26A5EFCEA645}.Release|Any CPU.Build.0 = Release|Any CPU
	EndGlobalSection
	GlobalSection(SolutionProperties) = preSolution
		HideSolutionNode = FALSE
	EndGlobalSection
	GlobalSection(ExtensibilityGlobals) = postSolution
		SolutionGuid = {009EB7DE-E6C0-4B5D-89E6-3AE7C6B560C7}
	EndGlobalSection
EndGlobal
